
Microsoft Visual Studio Solution File, Format Version 12.00
Project("{FAE04EC0-301F-11D3-BF4B-00C04F79EFBC}") = "Cinema", "Cinema\Cinema.csproj", "{49595521-1F30-4D21-8B05-5A583FD6B65A}"
EndProject
Global
	GlobalSection(SolutionConfigurationPlatforms) = preSolution
		Debug|Any CPU = Debug|Any CPU
		Release|Any CPU = Release|Any CPU
	EndGlobalSection
	GlobalSection(ProjectConfigurationPlatforms) = postSolution
		{49595521-1F30-4D21-8B05-5A583FD6B65A}.Debug|Any CPU.ActiveCfg = Debug|Any CPU
		{49595521-1F30-4D21-8B05-5A583FD6B65A}.Debug|Any CPU.Build.0 = Debug|Any CPU
		{49595521-1F30-4D21-8B05-5A583FD6B65A}.Release|Any CPU.ActiveCfg = Release|Any CPU
		{49595521-1F30-4D21-8B05-5A583FD6B65A}.Release|Any CPU.Build.0 = Release|Any CPU
	EndGlobalSection
EndGlobal
